
Microsoft Visual Studio Solution File, Format Version 12.00
# Visual Studio 15
VisualStudioVersion = 15.0.26228.9
MinimumVisualStudioVersion = 10.0.40219.1
Project("{D954291E-2A0B-460D-934E-DC6B0785DB48}") = "Clicker", "Clicker\Clicker\Clicker.shproj", "{6B65208F-EF41-4393-9385-8E229795D9EA}"
EndProject
Project("{FAE04EC0-301F-11D3-BF4B-00C04F79EFBC}") = "Clicker.Android", "Clicker\Clicker.Android\Clicker.Android.csproj", "{763CC921-BD95-4268-9B55-E8391A304F4D}"
EndProject
Project("{FAE04EC0-301F-11D3-BF4B-00C04F79EFBC}") = "Clicker.iOS", "Clicker\Clicker.iOS\Clicker.iOS.csproj", "{EA3EC818-40D8-4E6C-85E2-B81F4D54131F}"
EndProject
Project("{FAE04EC0-301F-11D3-BF4B-00C04F79EFBC}") = "Clicker.UWP", "Clicker\Clicker.UWP\Clicker.UWP.csproj", "{2F8A1330-848E-4052-8111-93C17ED085D9}"
EndProject
Global
	GlobalSection(SharedMSBuildProjectFiles) = preSolution
		Clicker\Clicker\Clicker.projitems*{6b65208f-ef41-4393-9385-8e229795d9ea}*SharedItemsImports = 13
		Clicker\Clicker\Clicker.projitems*{763cc921-bd95-4268-9b55-e8391a304f4d}*SharedItemsImports = 4
		Clicker\Clicker\Clicker.projitems*{ea3ec818-40d8-4e6c-85e2-b81f4d54131f}*SharedItemsImports = 4
	EndGlobalSection
	GlobalSection(SolutionConfigurationPlatforms) = preSolution
		Ad-Hoc|Any CPU = Ad-Hoc|Any CPU
		Ad-Hoc|ARM = Ad-Hoc|ARM
		Ad-Hoc|iPhone = Ad-Hoc|iPhone
		Ad-Hoc|iPhoneSimulator = Ad-Hoc|iPhoneSimulator
		Ad-Hoc|x64 = Ad-Hoc|x64
		Ad-Hoc|x86 = Ad-Hoc|x86
		AppStore|Any CPU = AppStore|Any CPU
		AppStore|ARM = AppStore|ARM
		AppStore|iPhone = AppStore|iPhone
		AppStore|iPhoneSimulator = AppStore|iPhoneSimulator
		AppStore|x64 = AppStore|x64
		AppStore|x86 = AppStore|x86
		Debug|Any CPU = Debug|Any CPU
		Debug|ARM = Debug|ARM
		Debug|iPhone = Debug|iPhone
		Debug|iPhoneSimulator = Debug|iPhoneSimulator
		Debug|x64 = Debug|x64
		Debug|x86 = Debug|x86
		Release|Any CPU = Release|Any CPU
		Release|ARM = Release|ARM
		Release|iPhone = Release|iPhone
		Release|iPhoneSimulator = Release|iPhoneSimulator
		Release|x64 = Release|x64
		Release|x86 = Release|x86
	EndGlobalSection
	GlobalSection(ProjectConfigurationPlatforms) = postSolution
		{763CC921-BD95-4268-9B55-E8391A304F4D}.Ad-Hoc|Any CPU.ActiveCfg = Release|Any CPU
		{763CC921-BD95-4268-9B55-E8391A304F4D}.Ad-Hoc|Any CPU.Build.0 = Release|Any CPU
		{763CC921-BD95-4268-9B55-E8391A304F4D}.Ad-Hoc|Any CPU.Deploy.0 = Release|Any CPU
		{763CC921-BD95-4268-9B55-E8391A304F4D}.Ad-Hoc|ARM.ActiveCfg = Release|Any CPU
		{763CC921-BD95-4268-9B55-E8391A304F4D}.Ad-Hoc|ARM.Build.0 = Release|Any CPU
		{763CC921-BD95-4268-9B55-E8391A304F4D}.Ad-Hoc|ARM.Deploy.0 = Release|Any CPU
		{763CC921-BD95-4268-9B55-E8391A304F4D}.Ad-Hoc|iPhone.ActiveCfg = Release|Any CPU
		{763CC921-BD95-4268-9B55-E8391A304F4D}.Ad-Hoc|iPhone.Build.0 = Release|Any CPU
		{763CC921-BD95-4268-9B55-E8391A304F4D}.Ad-Hoc|iPhone.Deploy.0 = Release|Any CPU
		{763CC921-BD95-4268-9B55-E8391A304F4D}.Ad-Hoc|iPhoneSimulator.ActiveCfg = Release|Any CPU
		{763CC921-BD95-4268-9B55-E8391A304F4D}.Ad-Hoc|iPhoneSimulator.Build.0 = Release|Any CPU
		{763CC921-BD95-4268-9B55-E8391A304F4D}.Ad-Hoc|iPhoneSimulator.Deploy.0 = Release|Any CPU
		{763CC921-BD95-4268-9B55-E8391A304F4D}.Ad-Hoc|x64.ActiveCfg = Release|Any CPU
		{763CC921-BD95-4268-9B55-E8391A304F4D}.Ad-Hoc|x64.Build.0 = Release|Any CPU
		{763CC921-BD95-4268-9B55-E8391A304F4D}.Ad-Hoc|x64.Deploy.0 = Release|Any CPU
		{763CC921-BD95-4268-9B55-E8391A304F4D}.Ad-Hoc|x86.ActiveCfg = Release|Any CPU
		{763CC921-BD95-4268-9B55-E8391A304F4D}.Ad-Hoc|x86.Build.0 = Release|Any CPU
		{763CC921-BD95-4268-9B55-E8391A304F4D}.Ad-Hoc|x86.Deploy.0 = Release|Any CPU
		{763CC921-BD95-4268-9B55-E8391A304F4D}.AppStore|Any CPU.ActiveCfg = Release|Any CPU
		{763CC921-BD95-4268-9B55-E8391A304F4D}.AppStore|Any CPU.Build.0 = Release|Any CPU
		{763CC921-BD95-4268-9B55-E8391A304F4D}.AppStore|Any CPU.Deploy.0 = Release|Any CPU
		{763CC921-BD95-4268-9B55-E8391A304F4D}.AppStore|ARM.ActiveCfg = Release|Any CPU
		{763CC921-BD95-4268-9B55-E8391A304F4D}.AppStore|ARM.Build.0 = Release|Any CPU
		{763CC921-BD95-4268-9B55-E8391A304F4D}.AppStore|ARM.Deploy.0 = Release|Any CPU
		{763CC921-BD95-4268-9B55-E8391A304F4D}.AppStore|iPhone.ActiveCfg = Release|Any CPU
		{763CC921-BD95-4268-9B55-E8391A304F4D}.AppStore|iPhone.Build.0 = Release|Any CPU
		{763CC921-BD95-4268-9B55-E8391A304F4D}.AppStore|iPhone.Deploy.0 = Release|Any CPU
		{763CC921-BD95-4268-9B55-E8391A304F4D}.AppStore|iPhoneSimulator.ActiveCfg = Release|Any CPU
		{763CC921-BD95-4268-9B55-E8391A304F4D}.AppStore|iPhoneSimulator.Build.0 = Release|Any CPU
		{763CC921-BD95-4268-9B55-E8391A304F4D}.AppStore|iPhoneSimulator.Deploy.0 = Release|Any CPU
		{763CC921-BD95-4268-9B55-E8391A304F4D}.AppStore|x64.ActiveCfg = Release|Any CPU
		{763CC921-BD95-4268-9B55-E8391A304F4D}.AppStore|x64.Build.0 = Release|Any CPU
		{763CC921-BD95-4268-9B55-E8391A304F4D}.AppStore|x64.Deploy.0 = Release|Any CPU
		{763CC921-BD95-4268-9B55-E8391A304F4D}.AppStore|x86.ActiveCfg = Release|Any CPU
		{763CC921-BD95-4268-9B55-E8391A304F4D}.AppStore|x86.Build.0 = Release|Any CPU
		{763CC921-BD95-4268-9B55-E8391A304F4D}.AppStore|x86.Deploy.0 = Release|Any CPU
		{763CC921-BD95-4268-9B55-E8391A304F4D}.Debug|Any CPU.ActiveCfg = Debug|Any CPU
		{763CC921-BD95-4268-9B55-E8391A304F4D}.Debug|Any CPU.Build.0 = Debug|Any CPU
		{763CC921-BD95-4268-9B55-E8391A304F4D}.Debug|Any CPU.Deploy.0 = Debug|Any CPU
		{763CC921-BD95-4268-9B55-E8391A304F4D}.Debug|ARM.ActiveCfg = Debug|Any CPU
		{763CC921-BD95-4268-9B55-E8391A304F4D}.Debug|ARM.Build.0 = Debug|Any CPU
		{763CC921-BD95-4268-9B55-E8391A304F4D}.Debug|ARM.Deploy.0 = Debug|Any CPU
		{763CC921-BD95-4268-9B55-E8391A304F4D}.Debug|iPhone.ActiveCfg = Debug|Any CPU
		{763CC921-BD95-4268-9B55-E8391A304F4D}.Debug|iPhone.Build.0 = Debug|Any CPU
		{763CC921-BD95-4268-9B55-E8391A304F4D}.Debug|iPhone.Deploy.0 = Debug|Any CPU
		{763CC921-BD95-4268-9B55-E8391A304F4D}.Debug|iPhoneSimulator.ActiveCfg = Debug|Any CPU
		{763CC921-BD95-4268-9B55-E8391A304F4D}.Debug|iPhoneSimulator.Build.0 = Debug|Any CPU
		{763CC921-BD95-4268-9B55-E8391A304F4D}.Debug|iPhoneSimulator.Deploy.0 = Debug|Any CPU
		{763CC921-BD95-4268-9B55-E8391A304F4D}.Debug|x64.ActiveCfg = Debug|Any CPU
		{763CC921-BD95-4268-9B55-E8391A304F4D}.Debug|x64.Build.0 = Debug|Any CPU
		{763CC921-BD95-4268-9B55-E8391A304F4D}.Debug|x64.Deploy.0 = Debug|Any CPU
		{763CC921-BD95-4268-9B55-E8391A304F4D}.Debug|x86.ActiveCfg = Debug|Any CPU
		{763CC921-BD95-4268-9B55-E8391A304F4D}.Debug|x86.Build.0 = Debug|Any CPU
		{763CC921-BD95-4268-9B55-E8391A304F4D}.Debug|x86.Deploy.0 = Debug|Any CPU
		{763CC921-BD95-4268-9B55-E8391A304F4D}.Release|Any CPU.ActiveCfg = Release|Any CPU
		{763CC921-BD95-4268-9B55-E8391A304F4D}.Release|Any CPU.Build.0 = Release|Any CPU
		{763CC921-BD95-4268-9B55-E8391A304F4D}.Release|Any CPU.Deploy.0 = Release|Any CPU
		{763CC921-BD95-4268-9B55-E8391A304F4D}.Release|ARM.ActiveCfg = Release|Any CPU
		{763CC921-BD95-4268-9B55-E8391A304F4D}.Release|ARM.Build.0 = Release|Any CPU
		{763CC921-BD95-4268-9B55-E8391A304F4D}.Release|ARM.Deploy.0 = Release|Any CPU
		{763CC921-BD95-4268-9B55-E8391A304F4D}.Release|iPhone.ActiveCfg = Release|Any CPU
		{763CC921-BD95-4268-9B55-E8391A304F4D}.Release|iPhone.Build.0 = Release|Any CPU
		{763CC921-BD95-4268-9B55-E8391A304F4D}.Release|iPhone.Deploy.0 = Release|Any CPU
		{763CC921-BD95-4268-9B55-E8391A304F4D}.Release|iPhoneSimulator.ActiveCfg = Release|Any CPU
		{763CC921-BD95-4268-9B55-E8391A304F4D}.Release|iPhoneSimulator.Build.0 = Release|Any CPU
		{763CC921-BD95-4268-9B55-E8391A304F4D}.Release|iPhoneSimulator.Deploy.0 = Release|Any CPU
		{763CC921-BD95-4268-9B55-E8391A304F4D}.Release|x64.ActiveCfg = Release|Any CPU
		{763CC921-BD95-4268-9B55-E8391A304F4D}.Release|x64.Build.0 = Release|Any CPU
		{763CC921-BD95-4268-9B55-E8391A304F4D}.Release|x64.Deploy.0 = Release|Any CPU
		{763CC921-BD95-4268-9B55-E8391A304F4D}.Release|x86.ActiveCfg = Release|Any CPU
		{763CC921-BD95-4268-9B55-E8391A304F4D}.Release|x86.Build.0 = Release|Any CPU
		{763CC921-BD95-4268-9B55-E8391A304F4D}.Release|x86.Deploy.0 = Release|Any CPU
		{EA3EC818-40D8-4E6C-85E2-B81F4D54131F}.Ad-Hoc|Any CPU.ActiveCfg = Ad-Hoc|iPhone
		{EA3EC818-40D8-4E6C-85E2-B81F4D54131F}.Ad-Hoc|ARM.ActiveCfg = Ad-Hoc|iPhone
		{EA3EC818-40D8-4E6C-85E2-B81F4D54131F}.Ad-Hoc|iPhone.ActiveCfg = Ad-Hoc|iPhone
		{EA3EC818-40D8-4E6C-85E2-B81F4D54131F}.Ad-Hoc|iPhone.Build.0 = Ad-Hoc|iPhone
		{EA3EC818-40D8-4E6C-85E2-B81F4D54131F}.Ad-Hoc|iPhoneSimulator.ActiveCfg = Ad-Hoc|iPhoneSimulator
		{EA3EC818-40D8-4E6C-85E2-B81F4D54131F}.Ad-Hoc|iPhoneSimulator.Build.0 = Ad-Hoc|iPhoneSimulator
		{EA3EC818-40D8-4E6C-85E2-B81F4D54131F}.Ad-Hoc|x64.ActiveCfg = Ad-Hoc|iPhone
		{EA3EC818-40D8-4E6C-85E2-B81F4D54131F}.Ad-Hoc|x86.ActiveCfg = Ad-Hoc|iPhone
		{EA3EC818-40D8-4E6C-85E2-B81F4D54131F}.AppStore|Any CPU.ActiveCfg = AppStore|iPhone
		{EA3EC818-40D8-4E6C-85E2-B81F4D54131F}.AppStore|ARM.ActiveCfg = AppStore|iPhone
		{EA3EC818-40D8-4E6C-85E2-B81F4D54131F}.AppStore|iPhone.ActiveCfg = AppStore|iPhone
		{EA3EC818-40D8-4E6C-85E2-B81F4D54131F}.AppStore|iPhone.Build.0 = AppStore|iPhone
		{EA3EC818-40D8-4E6C-85E2-B81F4D54131F}.AppStore|iPhoneSimulator.ActiveCfg = AppStore|iPhoneSimulator
		{EA3EC818-40D8-4E6C-85E2-B81F4D54131F}.AppStore|iPhoneSimulator.Build.0 = AppStore|iPhoneSimulator
		{EA3EC818-40D8-4E6C-85E2-B81F4D54131F}.AppStore|x64.ActiveCfg = AppStore|iPhone
		{EA3EC818-40D8-4E6C-85E2-B81F4D54131F}.AppStore|x86.ActiveCfg = AppStore|iPhone
		{EA3EC818-40D8-4E6C-85E2-B81F4D54131F}.Debug|Any CPU.ActiveCfg = Debug|iPhone
		{EA3EC818-40D8-4E6C-85E2-B81F4D54131F}.Debug|ARM.ActiveCfg = Debug|iPhone
		{EA3EC818-40D8-4E6C-85E2-B81F4D54131F}.Debug|iPhone.ActiveCfg = Debug|iPhone
		{EA3EC818-40D8-4E6C-85E2-B81F4D54131F}.Debug|iPhone.Build.0 = Debug|iPhone
		{EA3EC818-40D8-4E6C-85E2-B81F4D54131F}.Debug|iPhoneSimulator.ActiveCfg = Debug|iPhoneSimulator
		{EA3EC818-40D8-4E6C-85E2-B81F4D54131F}.Debug|iPhoneSimulator.Build.0 = Debug|iPhoneSimulator
		{EA3EC818-40D8-4E6C-85E2-B81F4D54131F}.Debug|x64.ActiveCfg = Debug|iPhone
		{EA3EC818-40D8-4E6C-85E2-B81F4D54131F}.Debug|x86.ActiveCfg = Debug|iPhone
		{EA3EC818-40D8-4E6C-85E2-B81F4D54131F}.Release|Any CPU.ActiveCfg = Release|iPhone
		{EA3EC818-40D8-4E6C-85E2-B81F4D54131F}.Release|ARM.ActiveCfg = Release|iPhone
		{EA3EC818-40D8-4E6C-85E2-B81F4D54131F}.Release|iPhone.ActiveCfg = Release|iPhone
		{EA3EC818-40D8-4E6C-85E2-B81F4D54131F}.Release|iPhone.Build.0 = Release|iPhone
		{EA3EC818-40D8-4E6C-85E2-B81F4D54131F}.Release|iPhoneSimulator.ActiveCfg = Release|iPhoneSimulator
		{EA3EC818-40D8-4E6C-85E2-B81F4D54131F}.Release|iPhoneSimulator.Build.0 = Release|iPhoneSimulator
		{EA3EC818-40D8-4E6C-85E2-B81F4D54131F}.Release|x64.ActiveCfg = Release|iPhone
		{EA3EC818-40D8-4E6C-85E2-B81F4D54131F}.Release|x86.ActiveCfg = Release|iPhone
		{2F8A1330-848E-4052-8111-93C17ED085D9}.Ad-Hoc|Any CPU.ActiveCfg = Release|x86
		{2F8A1330-848E-4052-8111-93C17ED085D9}.Ad-Hoc|Any CPU.Build.0 = Release|x86
		{2F8A1330-848E-4052-8111-93C17ED085D9}.Ad-Hoc|Any CPU.Deploy.0 = Release|x86
		{2F8A1330-848E-4052-8111-93C17ED085D9}.Ad-Hoc|ARM.ActiveCfg = Release|ARM
		{2F8A1330-848E-4052-8111-93C17ED085D9}.Ad-Hoc|ARM.Build.0 = Release|ARM
		{2F8A1330-848E-4052-8111-93C17ED085D9}.Ad-Hoc|ARM.Deploy.0 = Release|ARM
		{2F8A1330-848E-4052-8111-93C17ED085D9}.Ad-Hoc|iPhone.ActiveCfg = Release|x86
		{2F8A1330-848E-4052-8111-93C17ED085D9}.Ad-Hoc|iPhone.Build.0 = Release|x86
		{2F8A1330-848E-4052-8111-93C17ED085D9}.Ad-Hoc|iPhone.Deploy.0 = Release|x86
		{2F8A1330-848E-4052-8111-93C17ED085D9}.Ad-Hoc|iPhoneSimulator.ActiveCfg = Release|x86
		{2F8A1330-848E-4052-8111-93C17ED085D9}.Ad-Hoc|iPhoneSimulator.Build.0 = Release|x86
		{2F8A1330-848E-4052-8111-93C17ED085D9}.Ad-Hoc|iPhoneSimulator.Deploy.0 = Release|x86
		{2F8A1330-848E-4052-8111-93C17ED085D9}.Ad-Hoc|x64.ActiveCfg = Release|x64
		{2F8A1330-848E-4052-8111-93C17ED085D9}.Ad-Hoc|x64.Build.0 = Release|x64
		{2F8A1330-848E-4052-8111-93C17ED085D9}.Ad-Hoc|x64.Deploy.0 = Release|x64
		{2F8A1330-848E-4052-8111-93C17ED085D9}.Ad-Hoc|x86.ActiveCfg = Release|x86
		{2F8A1330-848E-4052-8111-93C17ED085D9}.Ad-Hoc|x86.Build.0 = Release|x86
		{2F8A1330-848E-4052-8111-93C17ED085D9}.Ad-Hoc|x86.Deploy.0 = Release|x86
		{2F8A1330-848E-4052-8111-93C17ED085D9}.AppStore|Any CPU.ActiveCfg = Release|x86
		{2F8A1330-848E-4052-8111-93C17ED085D9}.AppStore|Any CPU.Build.0 = Release|x86
		{2F8A1330-848E-4052-8111-93C17ED085D9}.AppStore|Any CPU.Deploy.0 = Release|x86
		{2F8A1330-848E-4052-8111-93C17ED085D9}.AppStore|ARM.ActiveCfg = Release|ARM
		{2F8A1330-848E-4052-8111-93C17ED085D9}.AppStore|ARM.Build.0 = Release|ARM
		{2F8A1330-848E-4052-8111-93C17ED085D9}.AppStore|ARM.Deploy.0 = Release|ARM
		{2F8A1330-848E-4052-8111-93C17ED085D9}.AppStore|iPhone.ActiveCfg = Release|x86
		{2F8A1330-848E-4052-8111-93C17ED085D9}.AppStore|iPhone.Build.0 = Release|x86
		{2F8A1330-848E-4052-8111-93C17ED085D9}.AppStore|iPhone.Deploy.0 = Release|x86
		{2F8A1330-848E-4052-8111-93C17ED085D9}.AppStore|iPhoneSimulator.ActiveCfg = Release|x86
		{2F8A1330-848E-4052-8111-93C17ED085D9}.AppStore|iPhoneSimulator.Build.0 = Release|x86
		{2F8A1330-848E-4052-8111-93C17ED085D9}.AppStore|iPhoneSimulator.Deploy.0 = Release|x86
		{2F8A1330-848E-4052-8111-93C17ED085D9}.AppStore|x64.ActiveCfg = Release|x64
		{2F8A1330-848E-4052-8111-93C17ED085D9}.AppStore|x64.Build.0 = Release|x64
		{2F8A1330-848E-4052-8111-93C17ED085D9}.AppStore|x64.Deploy.0 = Release|x64
		{2F8A1330-848E-4052-8111-93C17ED085D9}.AppStore|x86.ActiveCfg = Release|x86
		{2F8A1330-848E-4052-8111-93C17ED085D9}.AppStore|x86.Build.0 = Release|x86
		{2F8A1330-848E-4052-8111-93C17ED085D9}.AppStore|x86.Deploy.0 = Release|x86
		{2F8A1330-848E-4052-8111-93C17ED085D9}.Debug|Any CPU.ActiveCfg = Debug|x86
		{2F8A1330-848E-4052-8111-93C17ED085D9}.Debug|ARM.ActiveCfg = Debug|ARM
		{2F8A1330-848E-4052-8111-93C17ED085D9}.Debug|ARM.Build.0 = Debug|ARM
		{2F8A1330-848E-4052-8111-93C17ED085D9}.Debug|ARM.Deploy.0 = Debug|ARM
		{2F8A1330-848E-4052-8111-93C17ED085D9}.Debug|iPhone.ActiveCfg = Debug|x86
		{2F8A1330-848E-4052-8111-93C17ED085D9}.Debug|iPhoneSimulator.ActiveCfg = Debug|x86
		{2F8A1330-848E-4052-8111-93C17ED085D9}.Debug|x64.ActiveCfg = Debug|x64
		{2F8A1330-848E-4052-8111-93C17ED085D9}.Debug|x64.Build.0 = Debug|x64
		{2F8A1330-848E-4052-8111-93C17ED085D9}.Debug|x64.Deploy.0 = Debug|x64
		{2F8A1330-848E-4052-8111-93C17ED085D9}.Debug|x86.ActiveCfg = Debug|x86
		{2F8A1330-848E-4052-8111-93C17ED085D9}.Debug|x86.Build.0 = Debug|x86
		{2F8A1330-848E-4052-8111-93C17ED085D9}.Debug|x86.Deploy.0 = Debug|x86
		{2F8A1330-848E-4052-8111-93C17ED085D9}.Release|Any CPU.ActiveCfg = Release|x86
		{2F8A1330-848E-4052-8111-93C17ED085D9}.Release|ARM.ActiveCfg = Release|ARM
		{2F8A1330-848E-4052-8111-93C17ED085D9}.Release|ARM.Build.0 = Release|ARM
		{2F8A1330-848E-4052-8111-93C17ED085D9}.Release|ARM.Deploy.0 = Release|ARM
		{2F8A1330-848E-4052-8111-93C17ED085D9}.Release|iPhone.ActiveCfg = Release|x86
		{2F8A1330-848E-4052-8111-93C17ED085D9}.Release|iPhoneSimulator.ActiveCfg = Release|x86
		{2F8A1330-848E-4052-8111-93C17ED085D9}.Release|x64.ActiveCfg = Release|x64
		{2F8A1330-848E-4052-8111-93C17ED085D9}.Release|x64.Build.0 = Release|x64
		{2F8A1330-848E-4052-8111-93C17ED085D9}.Release|x64.Deploy.0 = Release|x64
		{2F8A1330-848E-4052-8111-93C17ED085D9}.Release|x86.ActiveCfg = Release|x86
		{2F8A1330-848E-4052-8111-93C17ED085D9}.Release|x86.Build.0 = Release|x86
		{2F8A1330-848E-4052-8111-93C17ED085D9}.Release|x86.Deploy.0 = Release|x86
	EndGlobalSection
	GlobalSection(SolutionProperties) = preSolution
		HideSolutionNode = FALSE
	EndGlobalSection
EndGlobal
